// !$*UTF8*$!
{
	archiveVersion = 1;
	classes = {
	};
	objectVersion = 50;
	objects = {

/* Begin PBXBuildFile section */
		892FB916248AC2EA0055E2D1 /* DeskConnect.swift in Sources */ = {isa = PBXBuildFile; fileRef = 892FB915248AC2EA0055E2D1 /* DeskConnect.swift */; };
		896C0E80248BE5D100578941 /* EventMonitor.swift in Sources */ = {isa = PBXBuildFile; fileRef = 896C0E7F248BE5D100578941 /* EventMonitor.swift */; };
		89B309CB2475D94300204950 /* BinUtils.swift in Sources */ = {isa = PBXBuildFile; fileRef = 89B309CA2475D94300204950 /* BinUtils.swift */; };
		89BCA3482472E51B009C815D /* AppDelegate.swift in Sources */ = {isa = PBXBuildFile; fileRef = 89BCA3472472E51B009C815D /* AppDelegate.swift */; };
		89BCA34C2472E51C009C815D /* Assets.xcassets in Resources */ = {isa = PBXBuildFile; fileRef = 89BCA34B2472E51C009C815D /* Assets.xcassets */; };
		89BCA3522472E51C009C815D /* Main.storyboard in Resources */ = {isa = PBXBuildFile; fileRef = 89BCA3502472E51C009C815D /* Main.storyboard */; };
		89BCA3792472F2AA009C815D /* table.png in Resources */ = {isa = PBXBuildFile; fileRef = 89BCA3782472F2A9009C815D /* table.png */; };
		89BCA37B2472F5A5009C815D /* DeskViewController.swift in Sources */ = {isa = PBXBuildFile; fileRef = 89BCA37A2472F5A5009C815D /* DeskViewController.swift */; };
		89BCA37F24730B27009C815D /* ParticlePeripheral.swift in Sources */ = {isa = PBXBuildFile; fileRef = 89BCA37E24730B27009C815D /* ParticlePeripheral.swift */; };
/* End PBXBuildFile section */

/* Begin PBXFileReference section */
		892FB915248AC2EA0055E2D1 /* DeskConnect.swift */ = {isa = PBXFileReference; lastKnownFileType = sourcecode.swift; path = DeskConnect.swift; sourceTree = "<group>"; };
		896C0E7F248BE5D100578941 /* EventMonitor.swift */ = {isa = PBXFileReference; fileEncoding = 4; lastKnownFileType = sourcecode.swift; path = EventMonitor.swift; sourceTree = "<group>"; };
		89B309CA2475D94300204950 /* BinUtils.swift */ = {isa = PBXFileReference; lastKnownFileType = sourcecode.swift; path = BinUtils.swift; sourceTree = "<group>"; };
		89BCA3442472E51B009C815D /* desk.app */ = {isa = PBXFileReference; explicitFileType = wrapper.application; includeInIndex = 0; path = desk.app; sourceTree = BUILT_PRODUCTS_DIR; };
		89BCA3472472E51B009C815D /* AppDelegate.swift */ = {isa = PBXFileReference; lastKnownFileType = sourcecode.swift; path = AppDelegate.swift; sourceTree = "<group>"; };
		89BCA34B2472E51C009C815D /* Assets.xcassets */ = {isa = PBXFileReference; lastKnownFileType = folder.assetcatalog; path = Assets.xcassets; sourceTree = "<group>"; };
		89BCA3512472E51C009C815D /* Base */ = {isa = PBXFileReference; lastKnownFileType = file.storyboard; name = Base; path = Base.lproj/Main.storyboard; sourceTree = "<group>"; };
		89BCA3532472E51C009C815D /* Info.plist */ = {isa = PBXFileReference; lastKnownFileType = text.plist.xml; path = Info.plist; sourceTree = "<group>"; };
		89BCA3542472E51C009C815D /* desk.entitlements */ = {isa = PBXFileReference; lastKnownFileType = text.plist.entitlements; path = desk.entitlements; sourceTree = "<group>"; };
		89BCA3782472F2A9009C815D /* table.png */ = {isa = PBXFileReference; lastKnownFileType = image.png; path = table.png; sourceTree = "<group>"; };
		89BCA37A2472F5A5009C815D /* DeskViewController.swift */ = {isa = PBXFileReference; lastKnownFileType = sourcecode.swift; path = DeskViewController.swift; sourceTree = "<group>"; };
		89BCA37E24730B27009C815D /* ParticlePeripheral.swift */ = {isa = PBXFileReference; lastKnownFileType = sourcecode.swift; path = ParticlePeripheral.swift; sourceTree = "<group>"; };
/* End PBXFileReference section */

/* Begin PBXFrameworksBuildPhase section */
		89BCA3412472E51B009C815D /* Frameworks */ = {
			isa = PBXFrameworksBuildPhase;
			buildActionMask = 2147483647;
			files = (
			);
			runOnlyForDeploymentPostprocessing = 0;
		};
/* End PBXFrameworksBuildPhase section */

/* Begin PBXGroup section */
		892FB914248AC2A60055E2D1 /* DeskController */ = {
			isa = PBXGroup;
			children = (
				89BCA37E24730B27009C815D /* ParticlePeripheral.swift */,
				892FB915248AC2EA0055E2D1 /* DeskConnect.swift */,
			);
			path = DeskController;
			sourceTree = "<group>";
		};
		89BCA33B2472E51B009C815D = {
			isa = PBXGroup;
			children = (
				89BCA3462472E51B009C815D /* desk */,
				89BCA3452472E51B009C815D /* Products */,
				B6B50CCF1E4E57D0DC8E0C81 /* Frameworks */,
			);
			sourceTree = "<group>";
		};
		89BCA3452472E51B009C815D /* Products */ = {
			isa = PBXGroup;
			children = (
				89BCA3442472E51B009C815D /* desk.app */,
			);
			name = Products;
			sourceTree = "<group>";
		};
		89BCA3462472E51B009C815D /* desk */ = {
			isa = PBXGroup;
			children = (
				892FB914248AC2A60055E2D1 /* DeskController */,
				89BCA3472472E51B009C815D /* AppDelegate.swift */,
				89BCA34B2472E51C009C815D /* Assets.xcassets */,
				89BCA3502472E51C009C815D /* Main.storyboard */,
				896C0E7F248BE5D100578941 /* EventMonitor.swift */,
				89BCA3532472E51C009C815D /* Info.plist */,
				89BCA3542472E51C009C815D /* desk.entitlements */,
				89BCA3782472F2A9009C815D /* table.png */,
				89BCA37A2472F5A5009C815D /* DeskViewController.swift */,
				89B309CA2475D94300204950 /* BinUtils.swift */,
			);
			path = desk;
			sourceTree = "<group>";
		};
		B6B50CCF1E4E57D0DC8E0C81 /* Frameworks */ = {
			isa = PBXGroup;
			children = (
			);
			name = Frameworks;
			sourceTree = "<group>";
		};
/* End PBXGroup section */

/* Begin PBXNativeTarget section */
		89BCA3432472E51B009C815D /* desk */ = {
			isa = PBXNativeTarget;
			buildConfigurationList = 89BCA36D2472E51C009C815D /* Build configuration list for PBXNativeTarget "desk" */;
			buildPhases = (
				89BCA3402472E51B009C815D /* Sources */,
				89BCA3412472E51B009C815D /* Frameworks */,
				89BCA3422472E51B009C815D /* Resources */,
			);
			buildRules = (
			);
			dependencies = (
			);
			name = desk;
			productName = desk;
			productReference = 89BCA3442472E51B009C815D /* desk.app */;
			productType = "com.apple.product-type.application";
		};
/* End PBXNativeTarget section */

/* Begin PBXProject section */
		89BCA33C2472E51B009C815D /* Project object */ = {
			isa = PBXProject;
			attributes = {
				LastSwiftUpdateCheck = 1140;
				LastUpgradeCheck = 1140;
				ORGANIZATIONNAME = Forti;
				TargetAttributes = {
					89BCA3432472E51B009C815D = {
						CreatedOnToolsVersion = 11.4.1;
					};
				};
			};
			buildConfigurationList = 89BCA33F2472E51B009C815D /* Build configuration list for PBXProject "desk" */;
			compatibilityVersion = "Xcode 9.3";
			developmentRegion = en;
			hasScannedForEncodings = 0;
			knownRegions = (
				en,
				Base,
			);
			mainGroup = 89BCA33B2472E51B009C815D;
			productRefGroup = 89BCA3452472E51B009C815D /* Products */;
			projectDirPath = "";
			projectRoot = "";
			targets = (
				89BCA3432472E51B009C815D /* desk */,
			);
		};
/* End PBXProject section */

/* Begin PBXResourcesBuildPhase section */
		89BCA3422472E51B009C815D /* Resources */ = {
			isa = PBXResourcesBuildPhase;
			buildActionMask = 2147483647;
			files = (
				89BCA3792472F2AA009C815D /* table.png in Resources */,
				89BCA3522472E51C009C815D /* Main.storyboard in Resources */,
				89BCA34C2472E51C009C815D /* Assets.xcassets in Resources */,
			);
			runOnlyForDeploymentPostprocessing = 0;
		};
/* End PBXResourcesBuildPhase section */

/* Begin PBXSourcesBuildPhase section */
		89BCA3402472E51B009C815D /* Sources */ = {
			isa = PBXSourcesBuildPhase;
			buildActionMask = 2147483647;
			files = (
				89B309CB2475D94300204950 /* BinUtils.swift in Sources */,
				89BCA37B2472F5A5009C815D /* DeskViewController.swift in Sources */,
				89BCA3482472E51B009C815D /* AppDelegate.swift in Sources */,
				896C0E80248BE5D100578941 /* EventMonitor.swift in Sources */,
				892FB916248AC2EA0055E2D1 /* DeskConnect.swift in Sources */,
				89BCA37F24730B27009C815D /* ParticlePeripheral.swift in Sources */,
			);
			runOnlyForDeploymentPostprocessing = 0;
		};
/* End PBXSourcesBuildPhase section */

/* Begin PBXVariantGroup section */
		89BCA3502472E51C009C815D /* Main.storyboard */ = {
			isa = PBXVariantGroup;
			children = (
				89BCA3512472E51C009C815D /* Base */,
			);
			name = Main.storyboard;
			sourceTree = "<group>";
		};
/* End PBXVariantGroup section */

/* Begin XCBuildConfiguration section */
		89BCA36B2472E51C009C815D /* Debug */ = {
			isa = XCBuildConfiguration;
			buildSettings = {
				ALWAYS_SEARCH_USER_PATHS = NO;
				CLANG_ANALYZER_NONNULL = YES;
				CLANG_ANALYZER_NUMBER_OBJECT_CONVERSION = YES_AGGRESSIVE;
				CLANG_CXX_LANGUAGE_STANDARD = "gnu++14";
				CLANG_CXX_LIBRARY = "libc++";
				CLANG_ENABLE_MODULES = YES;
				CLANG_ENABLE_OBJC_ARC = YES;
				CLANG_ENABLE_OBJC_WEAK = YES;
				CLANG_WARN_BLOCK_CAPTURE_AUTORELEASING = YES;
				CLANG_WARN_BOOL_CONVERSION = YES;
				CLANG_WARN_COMMA = YES;
				CLANG_WARN_CONSTANT_CONVERSION = YES;
				CLANG_WARN_DEPRECATED_OBJC_IMPLEMENTATIONS = YES;
				CLANG_WARN_DIRECT_OBJC_ISA_USAGE = YES_ERROR;
				CLANG_WARN_DOCUMENTATION_COMMENTS = YES;
				CLANG_WARN_EMPTY_BODY = YES;
				CLANG_WARN_ENUM_CONVERSION = YES;
				CLANG_WARN_INFINITE_RECURSION = YES;
				CLANG_WARN_INT_CONVERSION = YES;
				CLANG_WARN_NON_LITERAL_NULL_CONVERSION = YES;
				CLANG_WARN_OBJC_IMPLICIT_RETAIN_SELF = YES;
				CLANG_WARN_OBJC_LITERAL_CONVERSION = YES;
				CLANG_WARN_OBJC_ROOT_CLASS = YES_ERROR;
				CLANG_WARN_RANGE_LOOP_ANALYSIS = YES;
				CLANG_WARN_STRICT_PROTOTYPES = YES;
				CLANG_WARN_SUSPICIOUS_MOVE = YES;
				CLANG_WARN_UNGUARDED_AVAILABILITY = YES_AGGRESSIVE;
				CLANG_WARN_UNREACHABLE_CODE = YES;
				CLANG_WARN__DUPLICATE_METHOD_MATCH = YES;
				COPY_PHASE_STRIP = NO;
				DEBUG_INFORMATION_FORMAT = dwarf;
				ENABLE_STRICT_OBJC_MSGSEND = YES;
				ENABLE_TESTABILITY = YES;
				GCC_C_LANGUAGE_STANDARD = gnu11;
				GCC_DYNAMIC_NO_PIC = NO;
				GCC_NO_COMMON_BLOCKS = YES;
				GCC_OPTIMIZATION_LEVEL = 0;
				GCC_PREPROCESSOR_DEFINITIONS = (
					"DEBUG=1",
					"$(inherited)",
				);
				GCC_WARN_64_TO_32_BIT_CONVERSION = YES;
				GCC_WARN_ABOUT_RETURN_TYPE = YES_ERROR;
				GCC_WARN_UNDECLARED_SELECTOR = YES;
				GCC_WARN_UNINITIALIZED_AUTOS = YES_AGGRESSIVE;
				GCC_WARN_UNUSED_FUNCTION = YES;
				GCC_WARN_UNUSED_VARIABLE = YES;
				MACOSX_DEPLOYMENT_TARGET = 10.15;
				MTL_ENABLE_DEBUG_INFO = INCLUDE_SOURCE;
				MTL_FAST_MATH = YES;
				ONLY_ACTIVE_ARCH = YES;
				SDKROOT = macosx;
				SWIFT_ACTIVE_COMPILATION_CONDITIONS = DEBUG;
				SWIFT_OPTIMIZATION_LEVEL = "-Onone";
			};
			name = Debug;
		};
		89BCA36C2472E51C009C815D /* Release */ = {
			isa = XCBuildConfiguration;
			buildSettings = {
				ALWAYS_SEARCH_USER_PATHS = NO;
				CLANG_ANALYZER_NONNULL = YES;
				CLANG_ANALYZER_NUMBER_OBJECT_CONVERSION = YES_AGGRESSIVE;
				CLANG_CXX_LANGUAGE_STANDARD = "gnu++14";
				CLANG_CXX_LIBRARY = "libc++";
				CLANG_ENABLE_MODULES = YES;
				CLANG_ENABLE_OBJC_ARC = YES;
				CLANG_ENABLE_OBJC_WEAK = YES;
				CLANG_WARN_BLOCK_CAPTURE_AUTORELEASING = YES;
				CLANG_WARN_BOOL_CONVERSION = YES;
				CLANG_WARN_COMMA = YES;
				CLANG_WARN_CONSTANT_CONVERSION = YES;
				CLANG_WARN_DEPRECATED_OBJC_IMPLEMENTATIONS = YES;
				CLANG_WARN_DIRECT_OBJC_ISA_USAGE = YES_ERROR;
				CLANG_WARN_DOCUMENTATION_COMMENTS = YES;
				CLANG_WARN_EMPTY_BODY = YES;
				CLANG_WARN_ENUM_CONVERSION = YES;
				CLANG_WARN_INFINITE_RECURSION = YES;
				CLANG_WARN_INT_CONVERSION = YES;
				CLANG_WARN_NON_LITERAL_NULL_CONVERSION = YES;
				CLANG_WARN_OBJC_IMPLICIT_RETAIN_SELF = YES;
				CLANG_WARN_OBJC_LITERAL_CONVERSION = YES;
				CLANG_WARN_OBJC_ROOT_CLASS = YES_ERROR;
				CLANG_WARN_RANGE_LOOP_ANALYSIS = YES;
				CLANG_WARN_STRICT_PROTOTYPES = YES;
				CLANG_WARN_SUSPICIOUS_MOVE = YES;
				CLANG_WARN_UNGUARDED_AVAILABILITY = YES_AGGRESSIVE;
				CLANG_WARN_UNREACHABLE_CODE = YES;
				CLANG_WARN__DUPLICATE_METHOD_MATCH = YES;
				COPY_PHASE_STRIP = NO;
				DEBUG_INFORMATION_FORMAT = "dwarf-with-dsym";
				ENABLE_NS_ASSERTIONS = NO;
				ENABLE_STRICT_OBJC_MSGSEND = YES;
				GCC_C_LANGUAGE_STANDARD = gnu11;
				GCC_NO_COMMON_BLOCKS = YES;
				GCC_WARN_64_TO_32_BIT_CONVERSION = YES;
				GCC_WARN_ABOUT_RETURN_TYPE = YES_ERROR;
				GCC_WARN_UNDECLARED_SELECTOR = YES;
				GCC_WARN_UNINITIALIZED_AUTOS = YES_AGGRESSIVE;
				GCC_WARN_UNUSED_FUNCTION = YES;
				GCC_WARN_UNUSED_VARIABLE = YES;
				MACOSX_DEPLOYMENT_TARGET = 10.15;
				MTL_ENABLE_DEBUG_INFO = NO;
				MTL_FAST_MATH = YES;
				SDKROOT = macosx;
				SWIFT_COMPILATION_MODE = wholemodule;
				SWIFT_OPTIMIZATION_LEVEL = "-O";
			};
			name = Release;
		};
		89BCA36E2472E51C009C815D /* Debug */ = {
			isa = XCBuildConfiguration;
			buildSettings = {
				ASSETCATALOG_COMPILER_APPICON_NAME = AppIcon;
				CODE_SIGN_ALLOW_ENTITLEMENTS_MODIFICATION = YES;
				CODE_SIGN_ENTITLEMENTS = desk/desk.entitlements;
				"CODE_SIGN_IDENTITY[sdk=macosx*]" = "Apple Development";
				CODE_SIGN_STYLE = Automatic;
				COMBINE_HIDPI_IMAGES = YES;
				DEVELOPMENT_TEAM = 286DN3SPR7;
				ENABLE_HARDENED_RUNTIME = YES;
				ENABLE_PREVIEWS = YES;
				INFOPLIST_FILE = desk/Info.plist;
				LD_RUNPATH_SEARCH_PATHS = (
					"$(inherited)",
					"@executable_path/../Frameworks",
				);
				MACOSX_DEPLOYMENT_TARGET = 13.0;
				PRODUCT_BUNDLE_IDENTIFIER = com.forti.desk.desk;
				PRODUCT_NAME = "$(TARGET_NAME)";
				SWIFT_VERSION = 5.0;
			};
			name = Debug;
		};
		89BCA36F2472E51C009C815D /* Release */ = {
			isa = XCBuildConfiguration;
			buildSettings = {
				ASSETCATALOG_COMPILER_APPICON_NAME = AppIcon;
				CODE_SIGN_ALLOW_ENTITLEMENTS_MODIFICATION = YES;
				CODE_SIGN_ENTITLEMENTS = desk/desk.entitlements;
				"CODE_SIGN_IDENTITY[sdk=macosx*]" = "Apple Development";
				CODE_SIGN_STYLE = Automatic;
				COMBINE_HIDPI_IMAGES = YES;
				DEVELOPMENT_TEAM = 286DN3SPR7;
				ENABLE_HARDENED_RUNTIME = YES;
				ENABLE_PREVIEWS = YES;
				INFOPLIST_FILE = desk/Info.plist;
				LD_RUNPATH_SEARCH_PATHS = (
					"$(inherited)",
					"@executable_path/../Frameworks",
				);
				MACOSX_DEPLOYMENT_TARGET = 13.0;
				PRODUCT_BUNDLE_IDENTIFIER = com.forti.desk.desk;
				PRODUCT_NAME = "$(TARGET_NAME)";
				SWIFT_VERSION = 5.0;
			};
			name = Release;
		};
/* End XCBuildConfiguration section */

/* Begin XCConfigurationList section */
		89BCA33F2472E51B009C815D /* Build configuration list for PBXProject "desk" */ = {
			isa = XCConfigurationList;
			buildConfigurations = (
				89BCA36B2472E51C009C815D /* Debug */,
				89BCA36C2472E51C009C815D /* Release */,
			);
			defaultConfigurationIsVisible = 0;
			defaultConfigurationName = Release;
		};
		89BCA36D2472E51C009C815D /* Build configuration list for PBXNativeTarget "desk" */ = {
			isa = XCConfigurationList;
			buildConfigurations = (
				89BCA36E2472E51C009C815D /* Debug */,
				89BCA36F2472E51C009C815D /* Release */,
			);
			defaultConfigurationIsVisible = 0;
			defaultConfigurationName = Release;
		};
/* End XCConfigurationList section */
	};
	rootObject = 89BCA33C2472E51B009C815D /* Project object */;
}
