// !$*UTF8*$!
{
	archiveVersion = 1;
	classes = {
	};
	objectVersion = 54;
	objects = {

/* Begin PBXBuildFile section */
		199609352AD7E323001B60B1 /* DeskControliOSApp.swift in Sources */ = {isa = PBXBuildFile; fileRef = 199609342AD7E323001B60B1 /* DeskControliOSApp.swift */; };
		199609372AD7E323001B60B1 /* ContentView.swift in Sources */ = {isa = PBXBuildFile; fileRef = 199609362AD7E323001B60B1 /* ContentView.swift */; };
		199609392AD7E325001B60B1 /* Assets.xcassets in Resources */ = {isa = PBXBuildFile; fileRef = 199609382AD7E325001B60B1 /* Assets.xcassets */; };
		1996093C2AD7E325001B60B1 /* Preview Assets.xcassets in Resources */ = {isa = PBXBuildFile; fileRef = 1996093B2AD7E325001B60B1 /* Preview Assets.xcassets */; };
		199609412AD7E36D001B60B1 /* ParticlePeripheral.swift in Sources */ = {isa = PBXBuildFile; fileRef = 89BCA37E24730B27009C815D /* ParticlePeripheral.swift */; };
		199609422AD7E36F001B60B1 /* DeskConnect.swift in Sources */ = {isa = PBXBuildFile; fileRef = 892FB915248AC2EA0055E2D1 /* DeskConnect.swift */; };
		199609432AD7E372001B60B1 /* BinUtils.swift in Sources */ = {isa = PBXBuildFile; fileRef = 89B309CA2475D94300204950 /* BinUtils.swift */; };
		19BF5C132AEC231A0035B144 /* DeskObserver.swift in Sources */ = {isa = PBXBuildFile; fileRef = 19BF5C122AEC231A0035B144 /* DeskObserver.swift */; };
		19E2D6562AED19DA00F3EFEE /* Formatting.swift in Sources */ = {isa = PBXBuildFile; fileRef = 19E2D6552AED19DA00F3EFEE /* Formatting.swift */; };
		19E2D6572AED19DA00F3EFEE /* Formatting.swift in Sources */ = {isa = PBXBuildFile; fileRef = 19E2D6552AED19DA00F3EFEE /* Formatting.swift */; };
		892FB916248AC2EA0055E2D1 /* DeskConnect.swift in Sources */ = {isa = PBXBuildFile; fileRef = 892FB915248AC2EA0055E2D1 /* DeskConnect.swift */; };
		896C0E80248BE5D100578941 /* EventMonitor.swift in Sources */ = {isa = PBXBuildFile; fileRef = 896C0E7F248BE5D100578941 /* EventMonitor.swift */; };
		89B309CB2475D94300204950 /* BinUtils.swift in Sources */ = {isa = PBXBuildFile; fileRef = 89B309CA2475D94300204950 /* BinUtils.swift */; };
		89BCA3482472E51B009C815D /* AppDelegate.swift in Sources */ = {isa = PBXBuildFile; fileRef = 89BCA3472472E51B009C815D /* AppDelegate.swift */; };
		89BCA34C2472E51C009C815D /* Assets.xcassets in Resources */ = {isa = PBXBuildFile; fileRef = 89BCA34B2472E51C009C815D /* Assets.xcassets */; };
		89BCA3522472E51C009C815D /* Main.storyboard in Resources */ = {isa = PBXBuildFile; fileRef = 89BCA3502472E51C009C815D /* Main.storyboard */; };
		89BCA3792472F2AA009C815D /* table.png in Resources */ = {isa = PBXBuildFile; fileRef = 89BCA3782472F2A9009C815D /* table.png */; };
		89BCA37B2472F5A5009C815D /* DeskViewController.swift in Sources */ = {isa = PBXBuildFile; fileRef = 89BCA37A2472F5A5009C815D /* DeskViewController.swift */; };
		89BCA37F24730B27009C815D /* ParticlePeripheral.swift in Sources */ = {isa = PBXBuildFile; fileRef = 89BCA37E24730B27009C815D /* ParticlePeripheral.swift */; };
/* End PBXBuildFile section */

/* Begin PBXFileReference section */
		199609322AD7E323001B60B1 /* DeskControliOS.app */ = {isa = PBXFileReference; explicitFileType = wrapper.application; includeInIndex = 0; path = DeskControliOS.app; sourceTree = BUILT_PRODUCTS_DIR; };
		199609342AD7E323001B60B1 /* DeskControliOSApp.swift */ = {isa = PBXFileReference; lastKnownFileType = sourcecode.swift; path = DeskControliOSApp.swift; sourceTree = "<group>"; };
		199609362AD7E323001B60B1 /* ContentView.swift */ = {isa = PBXFileReference; lastKnownFileType = sourcecode.swift; path = ContentView.swift; sourceTree = "<group>"; };
		199609382AD7E325001B60B1 /* Assets.xcassets */ = {isa = PBXFileReference; lastKnownFileType = folder.assetcatalog; path = Assets.xcassets; sourceTree = "<group>"; };
		1996093B2AD7E325001B60B1 /* Preview Assets.xcassets */ = {isa = PBXFileReference; lastKnownFileType = folder.assetcatalog; path = "Preview Assets.xcassets"; sourceTree = "<group>"; };
		19BF5C122AEC231A0035B144 /* DeskObserver.swift */ = {isa = PBXFileReference; lastKnownFileType = sourcecode.swift; path = DeskObserver.swift; sourceTree = "<group>"; };
		19E2D6512AEC289500F3EFEE /* Info.plist */ = {isa = PBXFileReference; lastKnownFileType = text.plist; path = Info.plist; sourceTree = "<group>"; };
		19E2D6552AED19DA00F3EFEE /* Formatting.swift */ = {isa = PBXFileReference; lastKnownFileType = sourcecode.swift; path = Formatting.swift; sourceTree = "<group>"; };
		892FB915248AC2EA0055E2D1 /* DeskConnect.swift */ = {isa = PBXFileReference; lastKnownFileType = sourcecode.swift; path = DeskConnect.swift; sourceTree = "<group>"; };
		896C0E7F248BE5D100578941 /* EventMonitor.swift */ = {isa = PBXFileReference; fileEncoding = 4; lastKnownFileType = sourcecode.swift; path = EventMonitor.swift; sourceTree = "<group>"; };
		89B309CA2475D94300204950 /* BinUtils.swift */ = {isa = PBXFileReference; lastKnownFileType = sourcecode.swift; path = BinUtils.swift; sourceTree = "<group>"; };
		89BCA3442472E51B009C815D /* DeskControl.app */ = {isa = PBXFileReference; explicitFileType = wrapper.application; includeInIndex = 0; path = DeskControl.app; sourceTree = BUILT_PRODUCTS_DIR; };
		89BCA3472472E51B009C815D /* AppDelegate.swift */ = {isa = PBXFileReference; lastKnownFileType = sourcecode.swift; path = AppDelegate.swift; sourceTree = "<group>"; };
		89BCA34B2472E51C009C815D /* Assets.xcassets */ = {isa = PBXFileReference; lastKnownFileType = folder.assetcatalog; path = Assets.xcassets; sourceTree = "<group>"; };
		89BCA3512472E51C009C815D /* Base */ = {isa = PBXFileReference; lastKnownFileType = file.storyboard; name = Base; path = Base.lproj/Main.storyboard; sourceTree = "<group>"; };
		89BCA3532472E51C009C815D /* Info.plist */ = {isa = PBXFileReference; lastKnownFileType = text.plist.xml; path = Info.plist; sourceTree = "<group>"; };
		89BCA3542472E51C009C815D /* DeskControl.entitlements */ = {isa = PBXFileReference; lastKnownFileType = text.plist.entitlements; path = DeskControl.entitlements; sourceTree = "<group>"; };
		89BCA3782472F2A9009C815D /* table.png */ = {isa = PBXFileReference; lastKnownFileType = image.png; path = table.png; sourceTree = "<group>"; };
		89BCA37A2472F5A5009C815D /* DeskViewController.swift */ = {isa = PBXFileReference; lastKnownFileType = sourcecode.swift; path = DeskViewController.swift; sourceTree = "<group>"; };
		89BCA37E24730B27009C815D /* ParticlePeripheral.swift */ = {isa = PBXFileReference; lastKnownFileType = sourcecode.swift; path = ParticlePeripheral.swift; sourceTree = "<group>"; };
/* End PBXFileReference section */

/* Begin PBXFrameworksBuildPhase section */
		1996092F2AD7E323001B60B1 /* Frameworks */ = {
			isa = PBXFrameworksBuildPhase;
			buildActionMask = 2147483647;
			files = (
			);
			runOnlyForDeploymentPostprocessing = 0;
		};
		89BCA3412472E51B009C815D /* Frameworks */ = {
			isa = PBXFrameworksBuildPhase;
			buildActionMask = 2147483647;
			files = (
			);
			runOnlyForDeploymentPostprocessing = 0;
		};
/* End PBXFrameworksBuildPhase section */

/* Begin PBXGroup section */
		199609332AD7E323001B60B1 /* DeskControliOS */ = {
			isa = PBXGroup;
			children = (
				19E2D6512AEC289500F3EFEE /* Info.plist */,
				199609342AD7E323001B60B1 /* DeskControliOSApp.swift */,
				199609362AD7E323001B60B1 /* ContentView.swift */,
				19BF5C122AEC231A0035B144 /* DeskObserver.swift */,
				199609382AD7E325001B60B1 /* Assets.xcassets */,
				1996093A2AD7E325001B60B1 /* Preview Content */,
			);
			path = DeskControliOS;
			sourceTree = "<group>";
		};
		1996093A2AD7E325001B60B1 /* Preview Content */ = {
			isa = PBXGroup;
			children = (
				1996093B2AD7E325001B60B1 /* Preview Assets.xcassets */,
			);
			path = "Preview Content";
			sourceTree = "<group>";
		};
		199609402AD7E33D001B60B1 /* Shared */ = {
			isa = PBXGroup;
			children = (
				89BCA37E24730B27009C815D /* ParticlePeripheral.swift */,
				892FB915248AC2EA0055E2D1 /* DeskConnect.swift */,
				89B309CA2475D94300204950 /* BinUtils.swift */,
				19E2D6552AED19DA00F3EFEE /* Formatting.swift */,
			);
			path = Shared;
			sourceTree = "<group>";
		};
		89BCA33B2472E51B009C815D = {
			isa = PBXGroup;
			children = (
				199609402AD7E33D001B60B1 /* Shared */,
				89BCA3462472E51B009C815D /* DeskControl */,
				199609332AD7E323001B60B1 /* DeskControliOS */,
				89BCA3452472E51B009C815D /* Products */,
				B6B50CCF1E4E57D0DC8E0C81 /* Frameworks */,
			);
			sourceTree = "<group>";
		};
		89BCA3452472E51B009C815D /* Products */ = {
			isa = PBXGroup;
			children = (
				89BCA3442472E51B009C815D /* DeskControl.app */,
				199609322AD7E323001B60B1 /* DeskControliOS.app */,
			);
			name = Products;
			sourceTree = "<group>";
		};
		89BCA3462472E51B009C815D /* DeskControl */ = {
			isa = PBXGroup;
			children = (
				89BCA3472472E51B009C815D /* AppDelegate.swift */,
				89BCA37A2472F5A5009C815D /* DeskViewController.swift */,
				896C0E7F248BE5D100578941 /* EventMonitor.swift */,
				89BCA34B2472E51C009C815D /* Assets.xcassets */,
				89BCA3502472E51C009C815D /* Main.storyboard */,
				89BCA3532472E51C009C815D /* Info.plist */,
				89BCA3542472E51C009C815D /* DeskControl.entitlements */,
				89BCA3782472F2A9009C815D /* table.png */,
			);
			path = DeskControl;
			sourceTree = "<group>";
		};
		B6B50CCF1E4E57D0DC8E0C81 /* Frameworks */ = {
			isa = PBXGroup;
			children = (
			);
			name = Frameworks;
			sourceTree = "<group>";
		};
/* End PBXGroup section */

/* Begin PBXNativeTarget section */
		199609312AD7E323001B60B1 /* DeskControliOS */ = {
			isa = PBXNativeTarget;
			buildConfigurationList = 1996093F2AD7E325001B60B1 /* Build configuration list for PBXNativeTarget "DeskControliOS" */;
			buildPhases = (
				1996092E2AD7E323001B60B1 /* Sources */,
				1996092F2AD7E323001B60B1 /* Frameworks */,
				199609302AD7E323001B60B1 /* Resources */,
			);
			buildRules = (
			);
			dependencies = (
			);
			name = DeskControliOS;
			productName = DeskControliOS;
			productReference = 199609322AD7E323001B60B1 /* DeskControliOS.app */;
			productType = "com.apple.product-type.application";
		};
		89BCA3432472E51B009C815D /* DeskControl */ = {
			isa = PBXNativeTarget;
			buildConfigurationList = 89BCA36D2472E51C009C815D /* Build configuration list for PBXNativeTarget "DeskControl" */;
			buildPhases = (
				89BCA3402472E51B009C815D /* Sources */,
				89BCA3412472E51B009C815D /* Frameworks */,
				89BCA3422472E51B009C815D /* Resources */,
			);
			buildRules = (
			);
			dependencies = (
			);
			name = DeskControl;
			productName = desk;
			productReference = 89BCA3442472E51B009C815D /* DeskControl.app */;
			productType = "com.apple.product-type.application";
		};
/* End PBXNativeTarget section */

/* Begin PBXProject section */
		89BCA33C2472E51B009C815D /* Project object */ = {
			isa = PBXProject;
			attributes = {
				BuildIndependentTargetsInParallel = YES;
				LastSwiftUpdateCheck = 1430;
				LastUpgradeCheck = 1500;
				TargetAttributes = {
					199609312AD7E323001B60B1 = {
						CreatedOnToolsVersion = 14.3.1;
					};
					89BCA3432472E51B009C815D = {
						CreatedOnToolsVersion = 11.4.1;
					};
				};
			};
			buildConfigurationList = 89BCA33F2472E51B009C815D /* Build configuration list for PBXProject "DeskControl" */;
			compatibilityVersion = "Xcode 9.3";
			developmentRegion = en;
			hasScannedForEncodings = 0;
			knownRegions = (
				en,
				Base,
			);
			mainGroup = 89BCA33B2472E51B009C815D;
			productRefGroup = 89BCA3452472E51B009C815D /* Products */;
			projectDirPath = "";
			projectRoot = "";
			targets = (
				89BCA3432472E51B009C815D /* DeskControl */,
				199609312AD7E323001B60B1 /* DeskControliOS */,
			);
		};
/* End PBXProject section */

/* Begin PBXResourcesBuildPhase section */
		199609302AD7E323001B60B1 /* Resources */ = {
			isa = PBXResourcesBuildPhase;
			buildActionMask = 2147483647;
			files = (
				1996093C2AD7E325001B60B1 /* Preview Assets.xcassets in Resources */,
				199609392AD7E325001B60B1 /* Assets.xcassets in Resources */,
			);
			runOnlyForDeploymentPostprocessing = 0;
		};
		89BCA3422472E51B009C815D /* Resources */ = {
			isa = PBXResourcesBuildPhase;
			buildActionMask = 2147483647;
			files = (
				89BCA3792472F2AA009C815D /* table.png in Resources */,
				89BCA3522472E51C009C815D /* Main.storyboard in Resources */,
				89BCA34C2472E51C009C815D /* Assets.xcassets in Resources */,
			);
			runOnlyForDeploymentPostprocessing = 0;
		};
/* End PBXResourcesBuildPhase section */

/* Begin PBXSourcesBuildPhase section */
		1996092E2AD7E323001B60B1 /* Sources */ = {
			isa = PBXSourcesBuildPhase;
			buildActionMask = 2147483647;
			files = (
				19BF5C132AEC231A0035B144 /* DeskObserver.swift in Sources */,
				199609412AD7E36D001B60B1 /* ParticlePeripheral.swift in Sources */,
				199609432AD7E372001B60B1 /* BinUtils.swift in Sources */,
				199609422AD7E36F001B60B1 /* DeskConnect.swift in Sources */,
				199609372AD7E323001B60B1 /* ContentView.swift in Sources */,
				19E2D6572AED19DA00F3EFEE /* Formatting.swift in Sources */,
				199609352AD7E323001B60B1 /* DeskControliOSApp.swift in Sources */,
			);
			runOnlyForDeploymentPostprocessing = 0;
		};
		89BCA3402472E51B009C815D /* Sources */ = {
			isa = PBXSourcesBuildPhase;
			buildActionMask = 2147483647;
			files = (
				89B309CB2475D94300204950 /* BinUtils.swift in Sources */,
				89BCA37B2472F5A5009C815D /* DeskViewController.swift in Sources */,
				89BCA3482472E51B009C815D /* AppDelegate.swift in Sources */,
				896C0E80248BE5D100578941 /* EventMonitor.swift in Sources */,
				892FB916248AC2EA0055E2D1 /* DeskConnect.swift in Sources */,
				19E2D6562AED19DA00F3EFEE /* Formatting.swift in Sources */,
				89BCA37F24730B27009C815D /* ParticlePeripheral.swift in Sources */,
			);
			runOnlyForDeploymentPostprocessing = 0;
		};
/* End PBXSourcesBuildPhase section */

/* Begin PBXVariantGroup section */
		89BCA3502472E51C009C815D /* Main.storyboard */ = {
			isa = PBXVariantGroup;
			children = (
				89BCA3512472E51C009C815D /* Base */,
			);
			name = Main.storyboard;
			sourceTree = "<group>";
		};
/* End PBXVariantGroup section */

/* Begin XCBuildConfiguration section */
		1996093D2AD7E325001B60B1 /* Debug */ = {
			isa = XCBuildConfiguration;
			buildSettings = {
				ASSETCATALOG_COMPILER_APPICON_NAME = AppIcon;
				ASSETCATALOG_COMPILER_GLOBAL_ACCENT_COLOR_NAME = AccentColor;
				CLANG_CXX_LANGUAGE_STANDARD = "gnu++20";
				CODE_SIGN_STYLE = Automatic;
				CURRENT_PROJECT_VERSION = 1;
				DEVELOPMENT_ASSET_PATHS = "\"DeskControliOS/Preview Content\"";
				DEVELOPMENT_TEAM = 286DN3SPR7;
				ENABLE_PREVIEWS = YES;
				GENERATE_INFOPLIST_FILE = YES;
				INFOPLIST_FILE = DeskControliOS/Info.plist;
				INFOPLIST_KEY_NSBluetoothPeripheralUsageDescription = "Connect to Ikea desk";
				INFOPLIST_KEY_UIApplicationSceneManifest_Generation = YES;
				INFOPLIST_KEY_UIApplicationSupportsIndirectInputEvents = YES;
				INFOPLIST_KEY_UILaunchScreen_Generation = YES;
				INFOPLIST_KEY_UISupportedInterfaceOrientations_iPad = "UIInterfaceOrientationPortrait UIInterfaceOrientationPortraitUpsideDown UIInterfaceOrientationLandscapeLeft UIInterfaceOrientationLandscapeRight";
				INFOPLIST_KEY_UISupportedInterfaceOrientations_iPhone = "UIInterfaceOrientationPortrait UIInterfaceOrientationLandscapeLeft UIInterfaceOrientationLandscapeRight";
				IPHONEOS_DEPLOYMENT_TARGET = 16.4;
				LD_RUNPATH_SEARCH_PATHS = (
					"$(inherited)",
					"@executable_path/Frameworks",
				);
				MARKETING_VERSION = 1.0;
				PRODUCT_BUNDLE_IDENTIFIER = com.strsnr.DeskControliOS;
				PRODUCT_NAME = "$(TARGET_NAME)";
				SDKROOT = iphoneos;
				SWIFT_EMIT_LOC_STRINGS = YES;
				SWIFT_VERSION = 5.0;
				TARGETED_DEVICE_FAMILY = "1,2";
			};
			name = Debug;
		};
		1996093E2AD7E325001B60B1 /* Release */ = {
			isa = XCBuildConfiguration;
			buildSettings = {
				ASSETCATALOG_COMPILER_APPICON_NAME = AppIcon;
				ASSETCATALOG_COMPILER_GLOBAL_ACCENT_COLOR_NAME = AccentColor;
				CLANG_CXX_LANGUAGE_STANDARD = "gnu++20";
				CODE_SIGN_STYLE = Automatic;
				CURRENT_PROJECT_VERSION = 1;
				DEVELOPMENT_ASSET_PATHS = "\"DeskControliOS/Preview Content\"";
				DEVELOPMENT_TEAM = 286DN3SPR7;
				ENABLE_PREVIEWS = YES;
				GENERATE_INFOPLIST_FILE = YES;
				INFOPLIST_FILE = DeskControliOS/Info.plist;
				INFOPLIST_KEY_NSBluetoothPeripheralUsageDescription = "Connect to Ikea desk";
				INFOPLIST_KEY_UIApplicationSceneManifest_Generation = YES;
				INFOPLIST_KEY_UIApplicationSupportsIndirectInputEvents = YES;
				INFOPLIST_KEY_UILaunchScreen_Generation = YES;
				INFOPLIST_KEY_UISupportedInterfaceOrientations_iPad = "UIInterfaceOrientationPortrait UIInterfaceOrientationPortraitUpsideDown UIInterfaceOrientationLandscapeLeft UIInterfaceOrientationLandscapeRight";
				INFOPLIST_KEY_UISupportedInterfaceOrientations_iPhone = "UIInterfaceOrientationPortrait UIInterfaceOrientationLandscapeLeft UIInterfaceOrientationLandscapeRight";
				IPHONEOS_DEPLOYMENT_TARGET = 16.4;
				LD_RUNPATH_SEARCH_PATHS = (
					"$(inherited)",
					"@executable_path/Frameworks",
				);
				MARKETING_VERSION = 1.0;
				PRODUCT_BUNDLE_IDENTIFIER = com.strsnr.DeskControliOS;
				PRODUCT_NAME = "$(TARGET_NAME)";
				SDKROOT = iphoneos;
				SWIFT_EMIT_LOC_STRINGS = YES;
				SWIFT_VERSION = 5.0;
				TARGETED_DEVICE_FAMILY = "1,2";
				VALIDATE_PRODUCT = YES;
			};
			name = Release;
		};
		89BCA36B2472E51C009C815D /* Debug */ = {
			isa = XCBuildConfiguration;
			buildSettings = {
				ALWAYS_SEARCH_USER_PATHS = NO;
				CLANG_ANALYZER_NONNULL = YES;
				CLANG_ANALYZER_NUMBER_OBJECT_CONVERSION = YES_AGGRESSIVE;
				CLANG_CXX_LANGUAGE_STANDARD = "gnu++14";
				CLANG_CXX_LIBRARY = "libc++";
				CLANG_ENABLE_MODULES = YES;
				CLANG_ENABLE_OBJC_ARC = YES;
				CLANG_ENABLE_OBJC_WEAK = YES;
				CLANG_WARN_BLOCK_CAPTURE_AUTORELEASING = YES;
				CLANG_WARN_BOOL_CONVERSION = YES;
				CLANG_WARN_COMMA = YES;
				CLANG_WARN_CONSTANT_CONVERSION = YES;
				CLANG_WARN_DEPRECATED_OBJC_IMPLEMENTATIONS = YES;
				CLANG_WARN_DIRECT_OBJC_ISA_USAGE = YES_ERROR;
				CLANG_WARN_DOCUMENTATION_COMMENTS = YES;
				CLANG_WARN_EMPTY_BODY = YES;
				CLANG_WARN_ENUM_CONVERSION = YES;
				CLANG_WARN_INFINITE_RECURSION = YES;
				CLANG_WARN_INT_CONVERSION = YES;
				CLANG_WARN_NON_LITERAL_NULL_CONVERSION = YES;
				CLANG_WARN_OBJC_IMPLICIT_RETAIN_SELF = YES;
				CLANG_WARN_OBJC_LITERAL_CONVERSION = YES;
				CLANG_WARN_OBJC_ROOT_CLASS = YES_ERROR;
				CLANG_WARN_QUOTED_INCLUDE_IN_FRAMEWORK_HEADER = YES;
				CLANG_WARN_RANGE_LOOP_ANALYSIS = YES;
				CLANG_WARN_STRICT_PROTOTYPES = YES;
				CLANG_WARN_SUSPICIOUS_MOVE = YES;
				CLANG_WARN_UNGUARDED_AVAILABILITY = YES_AGGRESSIVE;
				CLANG_WARN_UNREACHABLE_CODE = YES;
				CLANG_WARN__DUPLICATE_METHOD_MATCH = YES;
				COPY_PHASE_STRIP = NO;
				DEAD_CODE_STRIPPING = YES;
				DEBUG_INFORMATION_FORMAT = dwarf;
				ENABLE_STRICT_OBJC_MSGSEND = YES;
				ENABLE_TESTABILITY = YES;
				ENABLE_USER_SCRIPT_SANDBOXING = YES;
				GCC_C_LANGUAGE_STANDARD = gnu11;
				GCC_DYNAMIC_NO_PIC = NO;
				GCC_NO_COMMON_BLOCKS = YES;
				GCC_OPTIMIZATION_LEVEL = 0;
				GCC_PREPROCESSOR_DEFINITIONS = (
					"DEBUG=1",
					"$(inherited)",
				);
				GCC_WARN_64_TO_32_BIT_CONVERSION = YES;
				GCC_WARN_ABOUT_RETURN_TYPE = YES_ERROR;
				GCC_WARN_UNDECLARED_SELECTOR = YES;
				GCC_WARN_UNINITIALIZED_AUTOS = YES_AGGRESSIVE;
				GCC_WARN_UNUSED_FUNCTION = YES;
				GCC_WARN_UNUSED_VARIABLE = YES;
				MACOSX_DEPLOYMENT_TARGET = 10.15;
				MTL_ENABLE_DEBUG_INFO = INCLUDE_SOURCE;
				MTL_FAST_MATH = YES;
				ONLY_ACTIVE_ARCH = YES;
				SDKROOT = macosx;
				SWIFT_ACTIVE_COMPILATION_CONDITIONS = DEBUG;
				SWIFT_OPTIMIZATION_LEVEL = "-Onone";
			};
			name = Debug;
		};
		89BCA36C2472E51C009C815D /* Release */ = {
			isa = XCBuildConfiguration;
			buildSettings = {
				ALWAYS_SEARCH_USER_PATHS = NO;
				CLANG_ANALYZER_NONNULL = YES;
				CLANG_ANALYZER_NUMBER_OBJECT_CONVERSION = YES_AGGRESSIVE;
				CLANG_CXX_LANGUAGE_STANDARD = "gnu++14";
				CLANG_CXX_LIBRARY = "libc++";
				CLANG_ENABLE_MODULES = YES;
				CLANG_ENABLE_OBJC_ARC = YES;
				CLANG_ENABLE_OBJC_WEAK = YES;
				CLANG_WARN_BLOCK_CAPTURE_AUTORELEASING = YES;
				CLANG_WARN_BOOL_CONVERSION = YES;
				CLANG_WARN_COMMA = YES;
				CLANG_WARN_CONSTANT_CONVERSION = YES;
				CLANG_WARN_DEPRECATED_OBJC_IMPLEMENTATIONS = YES;
				CLANG_WARN_DIRECT_OBJC_ISA_USAGE = YES_ERROR;
				CLANG_WARN_DOCUMENTATION_COMMENTS = YES;
				CLANG_WARN_EMPTY_BODY = YES;
				CLANG_WARN_ENUM_CONVERSION = YES;
				CLANG_WARN_INFINITE_RECURSION = YES;
				CLANG_WARN_INT_CONVERSION = YES;
				CLANG_WARN_NON_LITERAL_NULL_CONVERSION = YES;
				CLANG_WARN_OBJC_IMPLICIT_RETAIN_SELF = YES;
				CLANG_WARN_OBJC_LITERAL_CONVERSION = YES;
				CLANG_WARN_OBJC_ROOT_CLASS = YES_ERROR;
				CLANG_WARN_QUOTED_INCLUDE_IN_FRAMEWORK_HEADER = YES;
				CLANG_WARN_RANGE_LOOP_ANALYSIS = YES;
				CLANG_WARN_STRICT_PROTOTYPES = YES;
				CLANG_WARN_SUSPICIOUS_MOVE = YES;
				CLANG_WARN_UNGUARDED_AVAILABILITY = YES_AGGRESSIVE;
				CLANG_WARN_UNREACHABLE_CODE = YES;
				CLANG_WARN__DUPLICATE_METHOD_MATCH = YES;
				COPY_PHASE_STRIP = NO;
				DEAD_CODE_STRIPPING = YES;
				DEBUG_INFORMATION_FORMAT = "dwarf-with-dsym";
				ENABLE_NS_ASSERTIONS = NO;
				ENABLE_STRICT_OBJC_MSGSEND = YES;
				ENABLE_USER_SCRIPT_SANDBOXING = YES;
				GCC_C_LANGUAGE_STANDARD = gnu11;
				GCC_NO_COMMON_BLOCKS = YES;
				GCC_WARN_64_TO_32_BIT_CONVERSION = YES;
				GCC_WARN_ABOUT_RETURN_TYPE = YES_ERROR;
				GCC_WARN_UNDECLARED_SELECTOR = YES;
				GCC_WARN_UNINITIALIZED_AUTOS = YES_AGGRESSIVE;
				GCC_WARN_UNUSED_FUNCTION = YES;
				GCC_WARN_UNUSED_VARIABLE = YES;
				MACOSX_DEPLOYMENT_TARGET = 10.15;
				MTL_ENABLE_DEBUG_INFO = NO;
				MTL_FAST_MATH = YES;
				SDKROOT = macosx;
				SWIFT_COMPILATION_MODE = wholemodule;
				SWIFT_OPTIMIZATION_LEVEL = "-O";
			};
			name = Release;
		};
		89BCA36E2472E51C009C815D /* Debug */ = {
			isa = XCBuildConfiguration;
			buildSettings = {
				ASSETCATALOG_COMPILER_APPICON_NAME = AppIcon;
				CODE_SIGN_ALLOW_ENTITLEMENTS_MODIFICATION = YES;
				CODE_SIGN_ENTITLEMENTS = DeskControl/DeskControl.entitlements;
				"CODE_SIGN_IDENTITY[sdk=macosx*]" = "Apple Development";
				CODE_SIGN_STYLE = Automatic;
				COMBINE_HIDPI_IMAGES = YES;
				DEAD_CODE_STRIPPING = YES;
				DEVELOPMENT_TEAM = 286DN3SPR7;
				ENABLE_HARDENED_RUNTIME = YES;
				ENABLE_PREVIEWS = YES;
				INFOPLIST_FILE = DeskControl/Info.plist;
				LD_RUNPATH_SEARCH_PATHS = (
					"$(inherited)",
					"@executable_path/../Frameworks",
				);
				MACOSX_DEPLOYMENT_TARGET = 11.0;
				PRODUCT_BUNDLE_IDENTIFIER = com.strsnr.DeskControl;
				PRODUCT_NAME = "$(TARGET_NAME)";
				SWIFT_VERSION = 5.0;
			};
			name = Debug;
		};
		89BCA36F2472E51C009C815D /* Release */ = {
			isa = XCBuildConfiguration;
			buildSettings = {
				ASSETCATALOG_COMPILER_APPICON_NAME = AppIcon;
				CODE_SIGN_ALLOW_ENTITLEMENTS_MODIFICATION = YES;
				CODE_SIGN_ENTITLEMENTS = DeskControl/DeskControl.entitlements;
				"CODE_SIGN_IDENTITY[sdk=macosx*]" = "Apple Development";
				CODE_SIGN_STYLE = Automatic;
				COMBINE_HIDPI_IMAGES = YES;
				DEAD_CODE_STRIPPING = YES;
				DEVELOPMENT_TEAM = 286DN3SPR7;
				ENABLE_HARDENED_RUNTIME = YES;
				ENABLE_PREVIEWS = YES;
				INFOPLIST_FILE = DeskControl/Info.plist;
				LD_RUNPATH_SEARCH_PATHS = (
					"$(inherited)",
					"@executable_path/../Frameworks",
				);
				MACOSX_DEPLOYMENT_TARGET = 11.0;
				PRODUCT_BUNDLE_IDENTIFIER = com.strsnr.DeskControl;
				PRODUCT_NAME = "$(TARGET_NAME)";
				SWIFT_VERSION = 5.0;
			};
			name = Release;
		};
/* End XCBuildConfiguration section */

/* Begin XCConfigurationList section */
		1996093F2AD7E325001B60B1 /* Build configuration list for PBXNativeTarget "DeskControliOS" */ = {
			isa = XCConfigurationList;
			buildConfigurations = (
				1996093D2AD7E325001B60B1 /* Debug */,
				1996093E2AD7E325001B60B1 /* Release */,
			);
			defaultConfigurationIsVisible = 0;
			defaultConfigurationName = Release;
		};
		89BCA33F2472E51B009C815D /* Build configuration list for PBXProject "DeskControl" */ = {
			isa = XCConfigurationList;
			buildConfigurations = (
				89BCA36B2472E51C009C815D /* Debug */,
				89BCA36C2472E51C009C815D /* Release */,
			);
			defaultConfigurationIsVisible = 0;
			defaultConfigurationName = Release;
		};
		89BCA36D2472E51C009C815D /* Build configuration list for PBXNativeTarget "DeskControl" */ = {
			isa = XCConfigurationList;
			buildConfigurations = (
				89BCA36E2472E51C009C815D /* Debug */,
				89BCA36F2472E51C009C815D /* Release */,
			);
			defaultConfigurationIsVisible = 0;
			defaultConfigurationName = Release;
		};
/* End XCConfigurationList section */
	};
	rootObject = 89BCA33C2472E51B009C815D /* Project object */;
}
